
Microsoft Visual Studio Solution File, Format Version 12.00
# Visual Studio Version 16
VisualStudioVersion = 16.0.30204.135
MinimumVisualStudioVersion = 10.0.40219.1
Project("{9092AA53-FB77-4645-B42D-1CCCA6BD08BD}") = "TodoArtesanias", "TodoArtesanias\TodoArtesanias.njsproj", "{F670B4CF-4875-494C-BE71-052B68F54F3E}"
EndProject
Global
	GlobalSection(SolutionConfigurationPlatforms) = preSolution
		Debug|Any CPU = Debug|Any CPU
		Release|Any CPU = Release|Any CPU
	EndGlobalSection
	GlobalSection(ProjectConfigurationPlatforms) = postSolution
		{F670B4CF-4875-494C-BE71-052B68F54F3E}.Debug|Any CPU.ActiveCfg = Debug|Any CPU
		{F670B4CF-4875-494C-BE71-052B68F54F3E}.Debug|Any CPU.Build.0 = Debug|Any CPU
		{F670B4CF-4875-494C-BE71-052B68F54F3E}.Release|Any CPU.ActiveCfg = Release|Any CPU
		{F670B4CF-4875-494C-BE71-052B68F54F3E}.Release|Any CPU.Build.0 = Release|Any CPU
	EndGlobalSection
	GlobalSection(SolutionProperties) = preSolution
		HideSolutionNode = FALSE
	EndGlobalSection
	GlobalSection(ExtensibilityGlobals) = postSolution
		SolutionGuid = {3E7031A8-FDD7-446F-B2AF-455F25D67CAC}
	EndGlobalSection
EndGlobal
